
Microsoft Visual Studio Solution File, Format Version 12.00
# Visual Studio Version 17
VisualStudioVersion = 17.4.33110.190
MinimumVisualStudioVersion = 10.0.40219.1
Project("{FAE04EC0-301F-11D3-BF4B-00C04F79EFBC}") = "JobberTelegramBotWeb", "JobberTelegramBotWeb.csproj", "{AF70148A-5FEA-4D55-8BA1-5608CE744277}"
EndProject
Global
	GlobalSection(SolutionConfigurationPlatforms) = preSolution
		Debug|Any CPU = Debug|Any CPU
		Release|Any CPU = Release|Any CPU
	EndGlobalSection
	GlobalSection(ProjectConfigurationPlatforms) = postSolution
		{AF70148A-5FEA-4D55-8BA1-5608CE744277}.Debug|Any CPU.ActiveCfg = Debug|Any CPU
		{AF70148A-5FEA-4D55-8BA1-5608CE744277}.Debug|Any CPU.Build.0 = Debug|Any CPU
		{AF70148A-5FEA-4D55-8BA1-5608CE744277}.Release|Any CPU.ActiveCfg = Release|Any CPU
		{AF70148A-5FEA-4D55-8BA1-5608CE744277}.Release|Any CPU.Build.0 = Release|Any CPU
	EndGlobalSection
	GlobalSection(SolutionProperties) = preSolution
		HideSolutionNode = FALSE
	EndGlobalSection
	GlobalSection(ExtensibilityGlobals) = postSolution
		SolutionGuid = {8ECC6B26-14AA-46BB-933F-2422B02CC1C5}
	EndGlobalSection
EndGlobal
